
Microsoft Visual Studio Solution File, Format Version 12.00
# Visual Studio 2012
Project("{FAE04EC0-301F-11D3-BF4B-00C04F79EFBC}") = "MethodExperimentsApplication", "MethodExperimentsApplication\MethodExperimentsApplication.csproj", "{4FE7A40B-90F2-422C-B9FD-A3674DDC3A44}"
EndProject
Global
	GlobalSection(SolutionConfigurationPlatforms) = preSolution
		Debug|Any CPU = Debug|Any CPU
		Release|Any CPU = Release|Any CPU
	EndGlobalSection
	GlobalSection(ProjectConfigurationPlatforms) = postSolution
		{4FE7A40B-90F2-422C-B9FD-A3674DDC3A44}.Debug|Any CPU.ActiveCfg = Debug|Any CPU
		{4FE7A40B-90F2-422C-B9FD-A3674DDC3A44}.Debug|Any CPU.Build.0 = Debug|Any CPU
		{4FE7A40B-90F2-422C-B9FD-A3674DDC3A44}.Release|Any CPU.ActiveCfg = Release|Any CPU
		{4FE7A40B-90F2-422C-B9FD-A3674DDC3A44}.Release|Any CPU.Build.0 = Release|Any CPU
	EndGlobalSection
EndGlobal
