
Microsoft Visual Studio Solution File, Format Version 12.00
# Visual Studio 2012
Project("{FAE04EC0-301F-11D3-BF4B-00C04F79EFBC}") = "test2_user_input", "test2_user_input\test2_user_input.csproj", "{4416D6D8-306B-431B-89B7-967D3E114EFD}"
EndProject
Global
	GlobalSection(SolutionConfigurationPlatforms) = preSolution
		Debug|Any CPU = Debug|Any CPU
		Release|Any CPU = Release|Any CPU
	EndGlobalSection
	GlobalSection(ProjectConfigurationPlatforms) = postSolution
		{4416D6D8-306B-431B-89B7-967D3E114EFD}.Debug|Any CPU.ActiveCfg = Debug|Any CPU
		{4416D6D8-306B-431B-89B7-967D3E114EFD}.Debug|Any CPU.Build.0 = Debug|Any CPU
		{4416D6D8-306B-431B-89B7-967D3E114EFD}.Release|Any CPU.ActiveCfg = Release|Any CPU
		{4416D6D8-306B-431B-89B7-967D3E114EFD}.Release|Any CPU.Build.0 = Release|Any CPU
	EndGlobalSection
EndGlobal
